// !$*UTF8*$!
{
	archiveVersion = 1;
	classes = {
	};
	objectVersion = 50;
	objects = {

/* Begin PBXBuildFile section */
		363899592467012E00EE6810 /* AppDelegate.swift in Sources */ = {isa = PBXBuildFile; fileRef = 363899582467012E00EE6810 /* AppDelegate.swift */; };
		3638995B2467012E00EE6810 /* ViewController.swift in Sources */ = {isa = PBXBuildFile; fileRef = 3638995A2467012E00EE6810 /* ViewController.swift */; };
		3638995E2467012E00EE6810 /* Main.storyboard in Resources */ = {isa = PBXBuildFile; fileRef = 3638995C2467012E00EE6810 /* Main.storyboard */; };
		363899602467013000EE6810 /* Assets.xcassets in Resources */ = {isa = PBXBuildFile; fileRef = 3638995F2467013000EE6810 /* Assets.xcassets */; };
		363899632467013000EE6810 /* LaunchScreen.storyboard in Resources */ = {isa = PBXBuildFile; fileRef = 363899612467013000EE6810 /* LaunchScreen.storyboard */; };
		3638996E2467013000EE6810 /* contest02Tests.swift in Sources */ = {isa = PBXBuildFile; fileRef = 3638996D2467013000EE6810 /* contest02Tests.swift */; };
/* End PBXBuildFile section */

/* Begin PBXContainerItemProxy section */
		3638996A2467013000EE6810 /* PBXContainerItemProxy */ = {
			isa = PBXContainerItemProxy;
			containerPortal = 3638994D2467012E00EE6810 /* Project object */;
			proxyType = 1;
			remoteGlobalIDString = 363899542467012E00EE6810;
			remoteInfo = contest02;
		};
/* End PBXContainerItemProxy section */

/* Begin PBXFileReference section */
		363899552467012E00EE6810 /* contest02.app */ = {isa = PBXFileReference; explicitFileType = wrapper.application; includeInIndex = 0; path = contest02.app; sourceTree = BUILT_PRODUCTS_DIR; };
		363899582467012E00EE6810 /* AppDelegate.swift */ = {isa = PBXFileReference; lastKnownFileType = sourcecode.swift; path = AppDelegate.swift; sourceTree = "<group>"; };
		3638995A2467012E00EE6810 /* ViewController.swift */ = {isa = PBXFileReference; lastKnownFileType = sourcecode.swift; path = ViewController.swift; sourceTree = "<group>"; };
		3638995D2467012E00EE6810 /* Base */ = {isa = PBXFileReference; lastKnownFileType = file.storyboard; name = Base; path = Base.lproj/Main.storyboard; sourceTree = "<group>"; };
		3638995F2467013000EE6810 /* Assets.xcassets */ = {isa = PBXFileReference; lastKnownFileType = folder.assetcatalog; path = Assets.xcassets; sourceTree = "<group>"; };
		363899622467013000EE6810 /* Base */ = {isa = PBXFileReference; lastKnownFileType = file.storyboard; name = Base; path = Base.lproj/LaunchScreen.storyboard; sourceTree = "<group>"; };
		363899642467013000EE6810 /* Info.plist */ = {isa = PBXFileReference; lastKnownFileType = text.plist.xml; path = Info.plist; sourceTree = "<group>"; };
		363899692467013000EE6810 /* contest02Tests.xctest */ = {isa = PBXFileReference; explicitFileType = wrapper.cfbundle; includeInIndex = 0; path = contest02Tests.xctest; sourceTree = BUILT_PRODUCTS_DIR; };
		3638996D2467013000EE6810 /* contest02Tests.swift */ = {isa = PBXFileReference; lastKnownFileType = sourcecode.swift; path = contest02Tests.swift; sourceTree = "<group>"; };
		3638996F2467013000EE6810 /* Info.plist */ = {isa = PBXFileReference; lastKnownFileType = text.plist.xml; path = Info.plist; sourceTree = "<group>"; };
/* End PBXFileReference section */

/* Begin PBXFrameworksBuildPhase section */
		363899522467012E00EE6810 /* Frameworks */ = {
			isa = PBXFrameworksBuildPhase;
			buildActionMask = 2147483647;
			files = (
			);
			runOnlyForDeploymentPostprocessing = 0;
		};
		363899662467013000EE6810 /* Frameworks */ = {
			isa = PBXFrameworksBuildPhase;
			buildActionMask = 2147483647;
			files = (
			);
			runOnlyForDeploymentPostprocessing = 0;
		};
/* End PBXFrameworksBuildPhase section */

/* Begin PBXGroup section */
		3638994C2467012E00EE6810 = {
			isa = PBXGroup;
			children = (
				363899572467012E00EE6810 /* contest02 */,
				3638996C2467013000EE6810 /* contest02Tests */,
				363899562467012E00EE6810 /* Products */,
			);
			sourceTree = "<group>";
		};
		363899562467012E00EE6810 /* Products */ = {
			isa = PBXGroup;
			children = (
				363899552467012E00EE6810 /* contest02.app */,
				363899692467013000EE6810 /* contest02Tests.xctest */,
			);
			name = Products;
			sourceTree = "<group>";
		};
		363899572467012E00EE6810 /* contest02 */ = {
			isa = PBXGroup;
			children = (
				363899582467012E00EE6810 /* AppDelegate.swift */,
				3638995A2467012E00EE6810 /* ViewController.swift */,
				3638995C2467012E00EE6810 /* Main.storyboard */,
				3638995F2467013000EE6810 /* Assets.xcassets */,
				363899612467013000EE6810 /* LaunchScreen.storyboard */,
				363899642467013000EE6810 /* Info.plist */,
			);
			path = contest02;
			sourceTree = "<group>";
		};
		3638996C2467013000EE6810 /* contest02Tests */ = {
			isa = PBXGroup;
			children = (
				3638996D2467013000EE6810 /* contest02Tests.swift */,
				3638996F2467013000EE6810 /* Info.plist */,
			);
			path = contest02Tests;
			sourceTree = "<group>";
		};
/* End PBXGroup section */

/* Begin PBXNativeTarget section */
		363899542467012E00EE6810 /* contest02 */ = {
			isa = PBXNativeTarget;
			buildConfigurationList = 363899722467013000EE6810 /* Build configuration list for PBXNativeTarget "contest02" */;
			buildPhases = (
				363899512467012E00EE6810 /* Sources */,
				363899522467012E00EE6810 /* Frameworks */,
				363899532467012E00EE6810 /* Resources */,
			);
			buildRules = (
			);
			dependencies = (
			);
			name = contest02;
			productName = contest02;
			productReference = 363899552467012E00EE6810 /* contest02.app */;
			productType = "com.apple.product-type.application";
		};
		363899682467013000EE6810 /* contest02Tests */ = {
			isa = PBXNativeTarget;
			buildConfigurationList = 363899752467013000EE6810 /* Build configuration list for PBXNativeTarget "contest02Tests" */;
			buildPhases = (
				363899652467013000EE6810 /* Sources */,
				363899662467013000EE6810 /* Frameworks */,
				363899672467013000EE6810 /* Resources */,
			);
			buildRules = (
			);
			dependencies = (
				3638996B2467013000EE6810 /* PBXTargetDependency */,
			);
			name = contest02Tests;
			productName = contest02Tests;
			productReference = 363899692467013000EE6810 /* contest02Tests.xctest */;
			productType = "com.apple.product-type.bundle.unit-test";
		};
/* End PBXNativeTarget section */

/* Begin PBXProject section */
		3638994D2467012E00EE6810 /* Project object */ = {
			isa = PBXProject;
			attributes = {
				LastSwiftUpdateCheck = 0930;
				LastUpgradeCheck = 0930;
				ORGANIZATIONNAME = "Bowen Lin";
				TargetAttributes = {
					363899542467012E00EE6810 = {
						CreatedOnToolsVersion = 9.3;
					};
					363899682467013000EE6810 = {
						CreatedOnToolsVersion = 9.3;
						TestTargetID = 363899542467012E00EE6810;
					};
				};
			};
			buildConfigurationList = 363899502467012E00EE6810 /* Build configuration list for PBXProject "contest02" */;
			compatibilityVersion = "Xcode 9.3";
			developmentRegion = en;
			hasScannedForEncodings = 0;
			knownRegions = (
				en,
				Base,
			);
			mainGroup = 3638994C2467012E00EE6810;
			productRefGroup = 363899562467012E00EE6810 /* Products */;
			projectDirPath = "";
			projectRoot = "";
			targets = (
				363899542467012E00EE6810 /* contest02 */,
				363899682467013000EE6810 /* contest02Tests */,
			);
		};
/* End PBXProject section */

/* Begin PBXResourcesBuildPhase section */
		363899532467012E00EE6810 /* Resources */ = {
			isa = PBXResourcesBuildPhase;
			buildActionMask = 2147483647;
			files = (
				363899632467013000EE6810 /* LaunchScreen.storyboard in Resources */,
				363899602467013000EE6810 /* Assets.xcassets in Resources */,
				3638995E2467012E00EE6810 /* Main.storyboard in Resources */,
			);
			runOnlyForDeploymentPostprocessing = 0;
		};
		363899672467013000EE6810 /* Resources */ = {
			isa = PBXResourcesBuildPhase;
			buildActionMask = 2147483647;
			files = (
			);
			runOnlyForDeploymentPostprocessing = 0;
		};
/* End PBXResourcesBuildPhase section */

/* Begin PBXSourcesBuildPhase section */
		363899512467012E00EE6810 /* Sources */ = {
			isa = PBXSourcesBuildPhase;
			buildActionMask = 2147483647;
			files = (
				3638995B2467012E00EE6810 /* ViewController.swift in Sources */,
				363899592467012E00EE6810 /* AppDelegate.swift in Sources */,
			);
			runOnlyForDeploymentPostprocessing = 0;
		};
		363899652467013000EE6810 /* Sources */ = {
			isa = PBXSourcesBuildPhase;
			buildActionMask = 2147483647;
			files = (
				3638996E2467013000EE6810 /* contest02Tests.swift in Sources */,
			);
			runOnlyForDeploymentPostprocessing = 0;
		};
/* End PBXSourcesBuildPhase section */

/* Begin PBXTargetDependency section */
		3638996B2467013000EE6810 /* PBXTargetDependency */ = {
			isa = PBXTargetDependency;
			target = 363899542467012E00EE6810 /* contest02 */;
			targetProxy = 3638996A2467013000EE6810 /* PBXContainerItemProxy */;
		};
/* End PBXTargetDependency section */

/* Begin PBXVariantGroup section */
		3638995C2467012E00EE6810 /* Main.storyboard */ = {
			isa = PBXVariantGroup;
			children = (
				3638995D2467012E00EE6810 /* Base */,
			);
			name = Main.storyboard;
			sourceTree = "<group>";
		};
		363899612467013000EE6810 /* LaunchScreen.storyboard */ = {
			isa = PBXVariantGroup;
			children = (
				363899622467013000EE6810 /* Base */,
			);
			name = LaunchScreen.storyboard;
			sourceTree = "<group>";
		};
/* End PBXVariantGroup section */

/* Begin XCBuildConfiguration section */
		363899702467013000EE6810 /* Debug */ = {
			isa = XCBuildConfiguration;
			buildSettings = {
				ALWAYS_SEARCH_USER_PATHS = NO;
				CLANG_ANALYZER_NONNULL = YES;
				CLANG_ANALYZER_NUMBER_OBJECT_CONVERSION = YES_AGGRESSIVE;
				CLANG_CXX_LANGUAGE_STANDARD = "gnu++14";
				CLANG_CXX_LIBRARY = "libc++";
				CLANG_ENABLE_MODULES = YES;
				CLANG_ENABLE_OBJC_ARC = YES;
				CLANG_ENABLE_OBJC_WEAK = YES;
				CLANG_WARN_BLOCK_CAPTURE_AUTORELEASING = YES;
				CLANG_WARN_BOOL_CONVERSION = YES;
				CLANG_WARN_COMMA = YES;
				CLANG_WARN_CONSTANT_CONVERSION = YES;
				CLANG_WARN_DEPRECATED_OBJC_IMPLEMENTATIONS = YES;
				CLANG_WARN_DIRECT_OBJC_ISA_USAGE = YES_ERROR;
				CLANG_WARN_DOCUMENTATION_COMMENTS = YES;
				CLANG_WARN_EMPTY_BODY = YES;
				CLANG_WARN_ENUM_CONVERSION = YES;
				CLANG_WARN_INFINITE_RECURSION = YES;
				CLANG_WARN_INT_CONVERSION = YES;
				CLANG_WARN_NON_LITERAL_NULL_CONVERSION = YES;
				CLANG_WARN_OBJC_IMPLICIT_RETAIN_SELF = YES;
				CLANG_WARN_OBJC_LITERAL_CONVERSION = YES;
				CLANG_WARN_OBJC_ROOT_CLASS = YES_ERROR;
				CLANG_WARN_RANGE_LOOP_ANALYSIS = YES;
				CLANG_WARN_STRICT_PROTOTYPES = YES;
				CLANG_WARN_SUSPICIOUS_MOVE = YES;
				CLANG_WARN_UNGUARDED_AVAILABILITY = YES_AGGRESSIVE;
				CLANG_WARN_UNREACHABLE_CODE = YES;
				CLANG_WARN__DUPLICATE_METHOD_MATCH = YES;
				CODE_SIGN_IDENTITY = "iPhone Developer";
				COPY_PHASE_STRIP = NO;
				DEBUG_INFORMATION_FORMAT = dwarf;
				ENABLE_STRICT_OBJC_MSGSEND = YES;
				ENABLE_TESTABILITY = YES;
				GCC_C_LANGUAGE_STANDARD = gnu11;
				GCC_DYNAMIC_NO_PIC = NO;
				GCC_NO_COMMON_BLOCKS = YES;
				GCC_OPTIMIZATION_LEVEL = 0;
				GCC_PREPROCESSOR_DEFINITIONS = (
					"DEBUG=1",
					"$(inherited)",
				);
				GCC_WARN_64_TO_32_BIT_CONVERSION = YES;
				GCC_WARN_ABOUT_RETURN_TYPE = YES_ERROR;
				GCC_WARN_UNDECLARED_SELECTOR = YES;
				GCC_WARN_UNINITIALIZED_AUTOS = YES_AGGRESSIVE;
				GCC_WARN_UNUSED_FUNCTION = YES;
				GCC_WARN_UNUSED_VARIABLE = YES;
				IPHONEOS_DEPLOYMENT_TARGET = 11.3;
				MTL_ENABLE_DEBUG_INFO = YES;
				ONLY_ACTIVE_ARCH = YES;
				SDKROOT = iphoneos;
				SWIFT_ACTIVE_COMPILATION_CONDITIONS = DEBUG;
				SWIFT_OPTIMIZATION_LEVEL = "-Onone";
			};
			name = Debug;
		};
		363899712467013000EE6810 /* Release */ = {
			isa = XCBuildConfiguration;
			buildSettings = {
				ALWAYS_SEARCH_USER_PATHS = NO;
				CLANG_ANALYZER_NONNULL = YES;
				CLANG_ANALYZER_NUMBER_OBJECT_CONVERSION = YES_AGGRESSIVE;
				CLANG_CXX_LANGUAGE_STANDARD = "gnu++14";
				CLANG_CXX_LIBRARY = "libc++";
				CLANG_ENABLE_MODULES = YES;
				CLANG_ENABLE_OBJC_ARC = YES;
				CLANG_ENABLE_OBJC_WEAK = YES;
				CLANG_WARN_BLOCK_CAPTURE_AUTORELEASING = YES;
				CLANG_WARN_BOOL_CONVERSION = YES;
				CLANG_WARN_COMMA = YES;
				CLANG_WARN_CONSTANT_CONVERSION = YES;
				CLANG_WARN_DEPRECATED_OBJC_IMPLEMENTATIONS = YES;
				CLANG_WARN_DIRECT_OBJC_ISA_USAGE = YES_ERROR;
				CLANG_WARN_DOCUMENTATION_COMMENTS = YES;
				CLANG_WARN_EMPTY_BODY = YES;
				CLANG_WARN_ENUM_CONVERSION = YES;
				CLANG_WARN_INFINITE_RECURSION = YES;
				CLANG_WARN_INT_CONVERSION = YES;
				CLANG_WARN_NON_LITERAL_NULL_CONVERSION = YES;
				CLANG_WARN_OBJC_IMPLICIT_RETAIN_SELF = YES;
				CLANG_WARN_OBJC_LITERAL_CONVERSION = YES;
				CLANG_WARN_OBJC_ROOT_CLASS = YES_ERROR;
				CLANG_WARN_RANGE_LOOP_ANALYSIS = YES;
				CLANG_WARN_STRICT_PROTOTYPES = YES;
				CLANG_WARN_SUSPICIOUS_MOVE = YES;
				CLANG_WARN_UNGUARDED_AVAILABILITY = YES_AGGRESSIVE;
				CLANG_WARN_UNREACHABLE_CODE = YES;
				CLANG_WARN__DUPLICATE_METHOD_MATCH = YES;
				CODE_SIGN_IDENTITY = "iPhone Developer";
				COPY_PHASE_STRIP = NO;
				DEBUG_INFORMATION_FORMAT = "dwarf-with-dsym";
				ENABLE_NS_ASSERTIONS = NO;
				ENABLE_STRICT_OBJC_MSGSEND = YES;
				GCC_C_LANGUAGE_STANDARD = gnu11;
				GCC_NO_COMMON_BLOCKS = YES;
				GCC_WARN_64_TO_32_BIT_CONVERSION = YES;
				GCC_WARN_ABOUT_RETURN_TYPE = YES_ERROR;
				GCC_WARN_UNDECLARED_SELECTOR = YES;
				GCC_WARN_UNINITIALIZED_AUTOS = YES_AGGRESSIVE;
				GCC_WARN_UNUSED_FUNCTION = YES;
				GCC_WARN_UNUSED_VARIABLE = YES;
				IPHONEOS_DEPLOYMENT_TARGET = 11.3;
				MTL_ENABLE_DEBUG_INFO = NO;
				SDKROOT = iphoneos;
				SWIFT_COMPILATION_MODE = wholemodule;
				SWIFT_OPTIMIZATION_LEVEL = "-O";
				VALIDATE_PRODUCT = YES;
			};
			name = Release;
		};
		363899732467013000EE6810 /* Debug */ = {
			isa = XCBuildConfiguration;
			buildSettings = {
				ASSETCATALOG_COMPILER_APPICON_NAME = AppIcon;
				CODE_SIGN_STYLE = Automatic;
				DEVELOPMENT_TEAM = LQ8QHLLK7Q;
				INFOPLIST_FILE = contest02/Info.plist;
				LD_RUNPATH_SEARCH_PATHS = (
					"$(inherited)",
					"@executable_path/Frameworks",
				);
				PRODUCT_BUNDLE_IDENTIFIER = com.goldthumb.contest02;
				PRODUCT_NAME = "$(TARGET_NAME)";
				SWIFT_VERSION = 4.0;
				TARGETED_DEVICE_FAMILY = "1,2";
			};
			name = Debug;
		};
		363899742467013000EE6810 /* Release */ = {
			isa = XCBuildConfiguration;
			buildSettings = {
				ASSETCATALOG_COMPILER_APPICON_NAME = AppIcon;
				CODE_SIGN_STYLE = Automatic;
				DEVELOPMENT_TEAM = LQ8QHLLK7Q;
				INFOPLIST_FILE = contest02/Info.plist;
				LD_RUNPATH_SEARCH_PATHS = (
					"$(inherited)",
					"@executable_path/Frameworks",
				);
				PRODUCT_BUNDLE_IDENTIFIER = com.goldthumb.contest02;
				PRODUCT_NAME = "$(TARGET_NAME)";
				SWIFT_VERSION = 4.0;
				TARGETED_DEVICE_FAMILY = "1,2";
			};
			name = Release;
		};
		363899762467013000EE6810 /* Debug */ = {
			isa = XCBuildConfiguration;
			buildSettings = {
				ALWAYS_EMBED_SWIFT_STANDARD_LIBRARIES = YES;
				BUNDLE_LOADER = "$(TEST_HOST)";
				CODE_SIGN_STYLE = Automatic;
				DEVELOPMENT_TEAM = LQ8QHLLK7Q;
				INFOPLIST_FILE = contest02Tests/Info.plist;
				LD_RUNPATH_SEARCH_PATHS = (
					"$(inherited)",
					"@executable_path/Frameworks",
					"@loader_path/Frameworks",
				);
				PRODUCT_BUNDLE_IDENTIFIER = com.goldthumb.contest02Tests;
				PRODUCT_NAME = "$(TARGET_NAME)";
				SWIFT_VERSION = 4.0;
				TARGETED_DEVICE_FAMILY = "1,2";
				TEST_HOST = "$(BUILT_PRODUCTS_DIR)/contest02.app/contest02";
			};
			name = Debug;
		};
		363899772467013000EE6810 /* Release */ = {
			isa = XCBuildConfiguration;
			buildSettings = {
				ALWAYS_EMBED_SWIFT_STANDARD_LIBRARIES = YES;
				BUNDLE_LOADER = "$(TEST_HOST)";
				CODE_SIGN_STYLE = Automatic;
				DEVELOPMENT_TEAM = LQ8QHLLK7Q;
				INFOPLIST_FILE = contest02Tests/Info.plist;
				LD_RUNPATH_SEARCH_PATHS = (
					"$(inherited)",
					"@executable_path/Frameworks",
					"@loader_path/Frameworks",
				);
				PRODUCT_BUNDLE_IDENTIFIER = com.goldthumb.contest02Tests;
				PRODUCT_NAME = "$(TARGET_NAME)";
				SWIFT_VERSION = 4.0;
				TARGETED_DEVICE_FAMILY = "1,2";
				TEST_HOST = "$(BUILT_PRODUCTS_DIR)/contest02.app/contest02";
			};
			name = Release;
		};
/* End XCBuildConfiguration section */

/* Begin XCConfigurationList section */
		363899502467012E00EE6810 /* Build configuration list for PBXProject "contest02" */ = {
			isa = XCConfigurationList;
			buildConfigurations = (
				363899702467013000EE6810 /* Debug */,
				363899712467013000EE6810 /* Release */,
			);
			defaultConfigurationIsVisible = 0;
			defaultConfigurationName = Release;
		};
		363899722467013000EE6810 /* Build configuration list for PBXNativeTarget "contest02" */ = {
			isa = XCConfigurationList;
			buildConfigurations = (
				363899732467013000EE6810 /* Debug */,
				363899742467013000EE6810 /* Release */,
			);
			defaultConfigurationIsVisible = 0;
			defaultConfigurationName = Release;
		};
		363899752467013000EE6810 /* Build configuration list for PBXNativeTarget "contest02Tests" */ = {
			isa = XCConfigurationList;
			buildConfigurations = (
				363899762467013000EE6810 /* Debug */,
				363899772467013000EE6810 /* Release */,
			);
			defaultConfigurationIsVisible = 0;
			defaultConfigurationName = Release;
		};
/* End XCConfigurationList section */
	};
	rootObject = 3638994D2467012E00EE6810 /* Project object */;
}
